
Microsoft Visual Studio Solution File, Format Version 12.00
# Visual Studio Version 17
VisualStudioVersion = 17.12.35527.113
MinimumVisualStudioVersion = 10.0.40219.1
Project("{FAE04EC0-301F-11D3-BF4B-00C04F79EFBC}") = "MudBlazorTemplateSample", "MudBlazorTemplateSample\MudBlazorTemplateSample.csproj", "{4DD099D4-BB2C-4C59-BF97-E54D4EECC0EF}"
EndProject
Project("{FAE04EC0-301F-11D3-BF4B-00C04F79EFBC}") = "MudBlazorSample", "MudBlazorSample\MudBlazorSample.csproj", "{670C2A54-2B13-4560-B6BD-FF2341AA862E}"
EndProject
Project("{FAE04EC0-301F-11D3-BF4B-00C04F79EFBC}") = "FluentBlazorSample", "FluentBlazorSample\FluentBlazorSample.csproj", "{11524986-1CE4-4539-B4AC-073A39866A3C}"
EndProject
Project("{FAE04EC0-301F-11D3-BF4B-00C04F79EFBC}") = "FluentBlazorTemplateSample", "FluentBlazorTemplateSample\FluentBlazorTemplateSample.csproj", "{FD54981F-FEA6-4116-BE61-CD55E94D0954}"
EndProject
Global
	GlobalSection(SolutionConfigurationPlatforms) = preSolution
		Debug|Any CPU = Debug|Any CPU
		Release|Any CPU = Release|Any CPU
	EndGlobalSection
	GlobalSection(ProjectConfigurationPlatforms) = postSolution
		{4DD099D4-BB2C-4C59-BF97-E54D4EECC0EF}.Debug|Any CPU.ActiveCfg = Debug|Any CPU
		{4DD099D4-BB2C-4C59-BF97-E54D4EECC0EF}.Debug|Any CPU.Build.0 = Debug|Any CPU
		{4DD099D4-BB2C-4C59-BF97-E54D4EECC0EF}.Release|Any CPU.ActiveCfg = Release|Any CPU
		{4DD099D4-BB2C-4C59-BF97-E54D4EECC0EF}.Release|Any CPU.Build.0 = Release|Any CPU
		{670C2A54-2B13-4560-B6BD-FF2341AA862E}.Debug|Any CPU.ActiveCfg = Debug|Any CPU
		{670C2A54-2B13-4560-B6BD-FF2341AA862E}.Debug|Any CPU.Build.0 = Debug|Any CPU
		{670C2A54-2B13-4560-B6BD-FF2341AA862E}.Release|Any CPU.ActiveCfg = Release|Any CPU
		{670C2A54-2B13-4560-B6BD-FF2341AA862E}.Release|Any CPU.Build.0 = Release|Any CPU
		{11524986-1CE4-4539-B4AC-073A39866A3C}.Debug|Any CPU.ActiveCfg = Debug|Any CPU
		{11524986-1CE4-4539-B4AC-073A39866A3C}.Debug|Any CPU.Build.0 = Debug|Any CPU
		{11524986-1CE4-4539-B4AC-073A39866A3C}.Release|Any CPU.ActiveCfg = Release|Any CPU
		{11524986-1CE4-4539-B4AC-073A39866A3C}.Release|Any CPU.Build.0 = Release|Any CPU
		{FD54981F-FEA6-4116-BE61-CD55E94D0954}.Debug|Any CPU.ActiveCfg = Debug|Any CPU
		{FD54981F-FEA6-4116-BE61-CD55E94D0954}.Debug|Any CPU.Build.0 = Debug|Any CPU
		{FD54981F-FEA6-4116-BE61-CD55E94D0954}.Release|Any CPU.ActiveCfg = Release|Any CPU
		{FD54981F-FEA6-4116-BE61-CD55E94D0954}.Release|Any CPU.Build.0 = Release|Any CPU
	EndGlobalSection
	GlobalSection(SolutionProperties) = preSolution
		HideSolutionNode = FALSE
	EndGlobalSection
EndGlobal
